
Microsoft Visual Studio Solution File, Format Version 12.00
# Visual Studio 14
VisualStudioVersion = 14.0.25420.1
MinimumVisualStudioVersion = 10.0.40219.1
Project("{FAE04EC0-301F-11D3-BF4B-00C04F79EFBC}") = "GenCardIndex", "GenCardIndex\GenCardIndex.csproj", "{E55F2E3B-0B22-4A74-BD33-DD3E4E93363B}"
EndProject
Project("{2150E333-8FDC-42A3-9474-1A3956D46DE8}") = "Solution Items", "Solution Items", "{2BB43EF0-03F3-4FF5-9572-EA7B7ECA5E5C}"
	ProjectSection(SolutionItems) = preProject
		..\..\..\..\Desktop\ReadMe.txt = ..\..\..\..\Desktop\ReadMe.txt
	EndProjectSection
EndProject
Global
	GlobalSection(SolutionConfigurationPlatforms) = preSolution
		Debug|Any CPU = Debug|Any CPU
		Release|Any CPU = Release|Any CPU
	EndGlobalSection
	GlobalSection(ProjectConfigurationPlatforms) = postSolution
		{E55F2E3B-0B22-4A74-BD33-DD3E4E93363B}.Debug|Any CPU.ActiveCfg = Debug|Any CPU
		{E55F2E3B-0B22-4A74-BD33-DD3E4E93363B}.Debug|Any CPU.Build.0 = Debug|Any CPU
		{E55F2E3B-0B22-4A74-BD33-DD3E4E93363B}.Release|Any CPU.ActiveCfg = Release|Any CPU
		{E55F2E3B-0B22-4A74-BD33-DD3E4E93363B}.Release|Any CPU.Build.0 = Release|Any CPU
	EndGlobalSection
	GlobalSection(SolutionProperties) = preSolution
		HideSolutionNode = FALSE
	EndGlobalSection
EndGlobal
